Microsoft Visual Studio Solution File, Format Version 12.00
# Visual Studio Version 17
VisualStudioVersion = 17.5.2.0
MinimumVisualStudioVersion = 10.0.40219.1
Project("{FAE04EC0-301F-11D3-BF4B-00C04F79EFBC}") = "SCB.WebApi", "SCB.WebApi.csproj", "{9145C440-E7AF-5513-EBC6-1627B6E1FFB0}"
EndProject
Global
	GlobalSection(SolutionConfigurationPlatforms) = preSolution
		Debug|Any CPU = Debug|Any CPU
		Release|Any CPU = Release|Any CPU
	EndGlobalSection
	GlobalSection(ProjectConfigurationPlatforms) = postSolution
		{9145C440-E7AF-5513-EBC6-1627B6E1FFB0}.Debug|Any CPU.ActiveCfg = Debug|Any CPU
		{9145C440-E7AF-5513-EBC6-1627B6E1FFB0}.Debug|Any CPU.Build.0 = Debug|Any CPU
		{9145C440-E7AF-5513-EBC6-1627B6E1FFB0}.Release|Any CPU.ActiveCfg = Release|Any CPU
		{9145C440-E7AF-5513-EBC6-1627B6E1FFB0}.Release|Any CPU.Build.0 = Release|Any CPU
	EndGlobalSection
	GlobalSection(SolutionProperties) = preSolution
		HideSolutionNode = FALSE
	EndGlobalSection
	GlobalSection(ExtensibilityGlobals) = postSolution
		SolutionGuid = {BB862B93-5F5A-4C7B-9DCC-7A03983D0F0D}
	EndGlobalSection
EndGlobal
